PODS:
  - Nimble (7.0.1)
  - Realm (3.0.0-beta):
    - Realm/Headers (= 3.0.0-beta)
  - Realm/Headers (3.0.0-beta)
  - RealmSwift (3.0.0-beta):
    - Realm (= 3.0.0-beta)

DEPENDENCIES:
  - Nimble (~> 7.0)
  - RealmSwift (= 3.0.0-beta)

SPEC CHECKSUMS:
  Nimble: 657d000e11df8aebe27cdaf9d244de7f30ed87f7
  Realm: 7b77385c9132bab2cbe65cdb76f316da43ce3b2d
  RealmSwift: 9f90214b2ea3f0eac85a583787983b0c41670283

PODFILE CHECKSUM: 3f394f1cbdbfd6c5f610331ab0ba718131e9d322

COCOAPODS: 1.3.0.beta.2
